
Microsoft Visual Studio Solution File, Format Version 12.00
# Visual Studio Version 16
VisualStudioVersion = 16.0.29519.181
MinimumVisualStudioVersion = 10.0.40219.1
Project("{FAE04EC0-301F-11D3-BF4B-00C04F79EFBC}") = "Monitorowanie Pozycji Console App", "Monitorowanie Pozycji Console App\Monitorowanie Pozycji Console App.csproj", "{DE651DC8-5E07-4B3A-B288-FC869050F813}"
EndProject
Global
	GlobalSection(SolutionConfigurationPlatforms) = preSolution
		Debug|Any CPU = Debug|Any CPU
		Release|Any CPU = Release|Any CPU
	EndGlobalSection
	GlobalSection(ProjectConfigurationPlatforms) = postSolution
		{DE651DC8-5E07-4B3A-B288-FC869050F813}.Debug|Any CPU.ActiveCfg = Debug|Any CPU
		{DE651DC8-5E07-4B3A-B288-FC869050F813}.Debug|Any CPU.Build.0 = Debug|Any CPU
		{DE651DC8-5E07-4B3A-B288-FC869050F813}.Release|Any CPU.ActiveCfg = Release|Any CPU
		{DE651DC8-5E07-4B3A-B288-FC869050F813}.Release|Any CPU.Build.0 = Release|Any CPU
	EndGlobalSection
	GlobalSection(SolutionProperties) = preSolution
		HideSolutionNode = FALSE
	EndGlobalSection
	GlobalSection(ExtensibilityGlobals) = postSolution
		SolutionGuid = {E3F54729-D2FC-43D9-B33B-9C37FB5C5061}
	EndGlobalSection
EndGlobal
